
Microsoft Visual Studio Solution File, Format Version 12.00
# Visual Studio 15
VisualStudioVersion = 15.0.26730.16
MinimumVisualStudioVersion = 10.0.40219.1
Project("{FAE04EC0-301F-11D3-BF4B-00C04F79EFBC}") = "ImageCalculator.Printer", "ImageCalculatorPrinter\ImageCalculator.Printer.csproj", "{6DE35DB9-BB66-4519-9AF7-95B25216EC09}"
EndProject
Project("{FAE04EC0-301F-11D3-BF4B-00C04F79EFBC}") = "ImageCalculator.Tests", "ImageCalculatorTests\ImageCalculator.Tests.csproj", "{BF04ABF9-DB3B-4131-B076-270003297CED}"
EndProject
Project("{FAE04EC0-301F-11D3-BF4B-00C04F79EFBC}") = "ImageCalculator.Services", "ImageCalculator.Service\ImageCalculator.Services.csproj", "{1BDD41A6-0D9A-4BDD-9C62-ED8AEF1B3CDB}"
EndProject
Project("{2150E333-8FDC-42A3-9474-1A3956D46DE8}") = "Docs", "Docs", "{57501E9F-03A3-43BF-B506-DFBA74EBC4AA}"
	ProjectSection(SolutionItems) = preProject
		..\README.md = ..\README.md
	EndProjectSection
EndProject
Global
	GlobalSection(SolutionConfigurationPlatforms) = preSolution
		Debug|Any CPU = Debug|Any CPU
		Release|Any CPU = Release|Any CPU
	EndGlobalSection
	GlobalSection(ProjectConfigurationPlatforms) = postSolution
		{6DE35DB9-BB66-4519-9AF7-95B25216EC09}.Debug|Any CPU.ActiveCfg = Debug|Any CPU
		{6DE35DB9-BB66-4519-9AF7-95B25216EC09}.Debug|Any CPU.Build.0 = Debug|Any CPU
		{6DE35DB9-BB66-4519-9AF7-95B25216EC09}.Release|Any CPU.ActiveCfg = Release|Any CPU
		{6DE35DB9-BB66-4519-9AF7-95B25216EC09}.Release|Any CPU.Build.0 = Release|Any CPU
		{BF04ABF9-DB3B-4131-B076-270003297CED}.Debug|Any CPU.ActiveCfg = Debug|Any CPU
		{BF04ABF9-DB3B-4131-B076-270003297CED}.Debug|Any CPU.Build.0 = Debug|Any CPU
		{BF04ABF9-DB3B-4131-B076-270003297CED}.Release|Any CPU.ActiveCfg = Release|Any CPU
		{BF04ABF9-DB3B-4131-B076-270003297CED}.Release|Any CPU.Build.0 = Release|Any CPU
		{1BDD41A6-0D9A-4BDD-9C62-ED8AEF1B3CDB}.Debug|Any CPU.ActiveCfg = Debug|Any CPU
		{1BDD41A6-0D9A-4BDD-9C62-ED8AEF1B3CDB}.Debug|Any CPU.Build.0 = Debug|Any CPU
		{1BDD41A6-0D9A-4BDD-9C62-ED8AEF1B3CDB}.Release|Any CPU.ActiveCfg = Release|Any CPU
		{1BDD41A6-0D9A-4BDD-9C62-ED8AEF1B3CDB}.Release|Any CPU.Build.0 = Release|Any CPU
	EndGlobalSection
	GlobalSection(SolutionProperties) = preSolution
		HideSolutionNode = FALSE
	EndGlobalSection
	GlobalSection(ExtensibilityGlobals) = postSolution
		SolutionGuid = {C0122FA9-49FD-4EA4-99AA-1AAFD5202ABA}
	EndGlobalSection
EndGlobal
